// !$*UTF8*$!
{
	archiveVersion = 1;
	classes = {
	};
	objectVersion = 46;
	objects = {

/* Begin PBXBuildFile section */
		7537796C52DDC8962CC1C7FD /* Pods_RickysSocialNetwork.framework in Frameworks */ = {isa = PBXBuildFile; fileRef = 5578C1B71AAF95CBB0229C79 /* Pods_RickysSocialNetwork.framework */; };
		A4593CBB1E0EF5410036B27D /* AppDelegate.swift in Sources */ = {isa = PBXBuildFile; fileRef = A4593CBA1E0EF5410036B27D /* AppDelegate.swift */; };
		A4593CBD1E0EF5410036B27D /* SignInVC.swift in Sources */ = {isa = PBXBuildFile; fileRef = A4593CBC1E0EF5410036B27D /* SignInVC.swift */; };
		A4593CC01E0EF5410036B27D /* Main.storyboard in Resources */ = {isa = PBXBuildFile; fileRef = A4593CBE1E0EF5410036B27D /* Main.storyboard */; };
		A4593CC21E0EF5410036B27D /* Assets.xcassets in Resources */ = {isa = PBXBuildFile; fileRef = A4593CC11E0EF5410036B27D /* Assets.xcassets */; };
		A4593CC51E0EF5410036B27D /* LaunchScreen.storyboard in Resources */ = {isa = PBXBuildFile; fileRef = A4593CC31E0EF5410036B27D /* LaunchScreen.storyboard */; };
		A4593CCD1E0EF6D70036B27D /* GoogleService-Info.plist in Resources */ = {isa = PBXBuildFile; fileRef = A4593CCC1E0EF6D70036B27D /* GoogleService-Info.plist */; };
		A4BFB06B1E10611D002B2D98 /* FancyView.swift in Sources */ = {isa = PBXBuildFile; fileRef = A4BFB06A1E10611D002B2D98 /* FancyView.swift */; };
		A4BFB06E1E106213002B2D98 /* Constants.swift in Sources */ = {isa = PBXBuildFile; fileRef = A4BFB06D1E106213002B2D98 /* Constants.swift */; };
		A4BFB0701E106529002B2D98 /* RoundBtn.swift in Sources */ = {isa = PBXBuildFile; fileRef = A4BFB06F1E106529002B2D98 /* RoundBtn.swift */; };
		A4BFB0721E1066CA002B2D98 /* FancyField.swift in Sources */ = {isa = PBXBuildFile; fileRef = A4BFB0711E1066CA002B2D98 /* FancyField.swift */; };
		A4BFB0741E1067FF002B2D98 /* FancyBtn.swift in Sources */ = {isa = PBXBuildFile; fileRef = A4BFB0731E1067FF002B2D98 /* FancyBtn.swift */; };
		A4D6EA521E11D77000C3A9B5 /* FeedVC.swift in Sources */ = {isa = PBXBuildFile; fileRef = A4D6EA511E11D77000C3A9B5 /* FeedVC.swift */; };
/* End PBXBuildFile section */

/* Begin PBXFileReference section */
		5578C1B71AAF95CBB0229C79 /* Pods_RickysSocialNetwork.framework */ = {isa = PBXFileReference; explicitFileType = wrapper.framework; includeInIndex = 0; path = Pods_RickysSocialNetwork.framework; sourceTree = BUILT_PRODUCTS_DIR; };
		A4593CB71E0EF5410036B27D /* RickysSocialNetwork.app */ = {isa = PBXFileReference; explicitFileType = wrapper.application; includeInIndex = 0; path = RickysSocialNetwork.app; sourceTree = BUILT_PRODUCTS_DIR; };
		A4593CBA1E0EF5410036B27D /* AppDelegate.swift */ = {isa = PBXFileReference; lastKnownFileType = sourcecode.swift; path = AppDelegate.swift; sourceTree = "<group>"; };
		A4593CBC1E0EF5410036B27D /* SignInVC.swift */ = {isa = PBXFileReference; lastKnownFileType = sourcecode.swift; path = SignInVC.swift; sourceTree = "<group>"; };
		A4593CBF1E0EF5410036B27D /* Base */ = {isa = PBXFileReference; lastKnownFileType = file.storyboard; name = Base; path = Base.lproj/Main.storyboard; sourceTree = "<group>"; };
		A4593CC11E0EF5410036B27D /* Assets.xcassets */ = {isa = PBXFileReference; lastKnownFileType = folder.assetcatalog; path = Assets.xcassets; sourceTree = "<group>"; };
		A4593CC41E0EF5410036B27D /* Base */ = {isa = PBXFileReference; lastKnownFileType = file.storyboard; name = Base; path = Base.lproj/LaunchScreen.storyboard; sourceTree = "<group>"; };
		A4593CC61E0EF5410036B27D /* Info.plist */ = {isa = PBXFileReference; lastKnownFileType = text.plist.xml; path = Info.plist; sourceTree = "<group>"; };
		A4593CCC1E0EF6D70036B27D /* GoogleService-Info.plist */ = {isa = PBXFileReference; fileEncoding = 4; lastKnownFileType = text.plist.xml; path = "GoogleService-Info.plist"; sourceTree = "<group>"; };
		A4BFB06A1E10611D002B2D98 /* FancyView.swift */ = {isa = PBXFileReference; fileEncoding = 4; lastKnownFileType = sourcecode.swift; path = FancyView.swift; sourceTree = "<group>"; };
		A4BFB06D1E106213002B2D98 /* Constants.swift */ = {isa = PBXFileReference; fileEncoding = 4; lastKnownFileType = sourcecode.swift; path = Constants.swift; sourceTree = "<group>"; };
		A4BFB06F1E106529002B2D98 /* RoundBtn.swift */ = {isa = PBXFileReference; fileEncoding = 4; lastKnownFileType = sourcecode.swift; path = RoundBtn.swift; sourceTree = "<group>"; };
		A4BFB0711E1066CA002B2D98 /* FancyField.swift */ = {isa = PBXFileReference; fileEncoding = 4; lastKnownFileType = sourcecode.swift; path = FancyField.swift; sourceTree = "<group>"; };
		A4BFB0731E1067FF002B2D98 /* FancyBtn.swift */ = {isa = PBXFileReference; fileEncoding = 4; lastKnownFileType = sourcecode.swift; path = FancyBtn.swift; sourceTree = "<group>"; };
		A4D6EA511E11D77000C3A9B5 /* FeedVC.swift */ = {isa = PBXFileReference; fileEncoding = 4; lastKnownFileType = sourcecode.swift; path = FeedVC.swift; sourceTree = "<group>"; };
		D0D6B39A92EF78E67BBFCBCA /* Pods-RickysSocialNetwork.debug.xcconfig */ = {isa = PBXFileReference; includeInIndex = 1; lastKnownFileType = text.xcconfig; name = "Pods-RickysSocialNetwork.debug.xcconfig"; path = "Pods/Target Support Files/Pods-RickysSocialNetwork/Pods-RickysSocialNetwork.debug.xcconfig"; sourceTree = "<group>"; };
		FDDEF4A35161F30242B909F0 /* Pods-RickysSocialNetwork.release.xcconfig */ = {isa = PBXFileReference; includeInIndex = 1; lastKnownFileType = text.xcconfig; name = "Pods-RickysSocialNetwork.release.xcconfig"; path = "Pods/Target Support Files/Pods-RickysSocialNetwork/Pods-RickysSocialNetwork.release.xcconfig"; sourceTree = "<group>"; };
/* End PBXFileReference section */

/* Begin PBXFrameworksBuildPhase section */
		A4593CB41E0EF5410036B27D /* Frameworks */ = {
			isa = PBXFrameworksBuildPhase;
			buildActionMask = 2147483647;
			files = (
				7537796C52DDC8962CC1C7FD /* Pods_RickysSocialNetwork.framework in Frameworks */,
			);
			runOnlyForDeploymentPostprocessing = 0;
		};
/* End PBXFrameworksBuildPhase section */

/* Begin PBXGroup section */
		4C29BA0141DC412763554B21 /* Pods */ = {
			isa = PBXGroup;
			children = (
				D0D6B39A92EF78E67BBFCBCA /* Pods-RickysSocialNetwork.debug.xcconfig */,
				FDDEF4A35161F30242B909F0 /* Pods-RickysSocialNetwork.release.xcconfig */,
			);
			name = Pods;
			sourceTree = "<group>";
		};
		A4593CAE1E0EF5410036B27D = {
			isa = PBXGroup;
			children = (
				A4593CB91E0EF5410036B27D /* RickysSocialNetwork */,
				A4593CB81E0EF5410036B27D /* Products */,
				4C29BA0141DC412763554B21 /* Pods */,
				D2AEDB62B0D4C623F1F157F8 /* Frameworks */,
			);
			sourceTree = "<group>";
		};
		A4593CB81E0EF5410036B27D /* Products */ = {
			isa = PBXGroup;
			children = (
				A4593CB71E0EF5410036B27D /* RickysSocialNetwork.app */,
			);
			name = Products;
			sourceTree = "<group>";
		};
		A4593CB91E0EF5410036B27D /* RickysSocialNetwork */ = {
			isa = PBXGroup;
			children = (
				A4BFB06C1E106203002B2D98 /* Util */,
				A4BFB0691E0EF96E002B2D98 /* Model */,
				A4BFB0681E0EF969002B2D98 /* View */,
				A4BFB0671E0EF960002B2D98 /* Controller */,
				A4593CBA1E0EF5410036B27D /* AppDelegate.swift */,
				A4593CBE1E0EF5410036B27D /* Main.storyboard */,
				A4593CC11E0EF5410036B27D /* Assets.xcassets */,
				A4593CC31E0EF5410036B27D /* LaunchScreen.storyboard */,
				A4593CC61E0EF5410036B27D /* Info.plist */,
				A4593CCC1E0EF6D70036B27D /* GoogleService-Info.plist */,
			);
			path = RickysSocialNetwork;
			sourceTree = "<group>";
		};
		A4BFB0671E0EF960002B2D98 /* Controller */ = {
			isa = PBXGroup;
			children = (
				A4593CBC1E0EF5410036B27D /* SignInVC.swift */,
				A4D6EA511E11D77000C3A9B5 /* FeedVC.swift */,
			);
			name = Controller;
			sourceTree = "<group>";
		};
		A4BFB0681E0EF969002B2D98 /* View */ = {
			isa = PBXGroup;
			children = (
				A4BFB06A1E10611D002B2D98 /* FancyView.swift */,
				A4BFB06F1E106529002B2D98 /* RoundBtn.swift */,
				A4BFB0711E1066CA002B2D98 /* FancyField.swift */,
				A4BFB0731E1067FF002B2D98 /* FancyBtn.swift */,
			);
			name = View;
			sourceTree = "<group>";
		};
		A4BFB0691E0EF96E002B2D98 /* Model */ = {
			isa = PBXGroup;
			children = (
			);
			name = Model;
			sourceTree = "<group>";
		};
		A4BFB06C1E106203002B2D98 /* Util */ = {
			isa = PBXGroup;
			children = (
				A4BFB06D1E106213002B2D98 /* Constants.swift */,
			);
			name = Util;
			sourceTree = "<group>";
		};
		D2AEDB62B0D4C623F1F157F8 /* Frameworks */ = {
			isa = PBXGroup;
			children = (
				5578C1B71AAF95CBB0229C79 /* Pods_RickysSocialNetwork.framework */,
			);
			name = Frameworks;
			sourceTree = "<group>";
		};
/* End PBXGroup section */

/* Begin PBXNativeTarget section */
		A4593CB61E0EF5410036B27D /* RickysSocialNetwork */ = {
			isa = PBXNativeTarget;
			buildConfigurationList = A4593CC91E0EF5410036B27D /* Build configuration list for PBXNativeTarget "RickysSocialNetwork" */;
			buildPhases = (
				4CDE9133C9FC97958BF2E43D /* [CP] Check Pods Manifest.lock */,
				A4593CB31E0EF5410036B27D /* Sources */,
				A4593CB41E0EF5410036B27D /* Frameworks */,
				A4593CB51E0EF5410036B27D /* Resources */,
				27E0AB32DBE5FCFB0724DBAC /* [CP] Embed Pods Frameworks */,
				CBE98A2AF7742261067017F0 /* [CP] Copy Pods Resources */,
			);
			buildRules = (
			);
			dependencies = (
			);
			name = RickysSocialNetwork;
			productName = RickysSocialNetwork;
			productReference = A4593CB71E0EF5410036B27D /* RickysSocialNetwork.app */;
			productType = "com.apple.product-type.application";
		};
/* End PBXNativeTarget section */

/* Begin PBXProject section */
		A4593CAF1E0EF5410036B27D /* Project object */ = {
			isa = PBXProject;
			attributes = {
				LastSwiftUpdateCheck = 0820;
				LastUpgradeCheck = 0820;
				ORGANIZATIONNAME = "Richard Eccles";
				TargetAttributes = {
					A4593CB61E0EF5410036B27D = {
						CreatedOnToolsVersion = 8.2.1;
						DevelopmentTeam = KVPLR3LHCJ;
						ProvisioningStyle = Automatic;
					};
				};
			};
			buildConfigurationList = A4593CB21E0EF5410036B27D /* Build configuration list for PBXProject "RickysSocialNetwork" */;
			compatibilityVersion = "Xcode 3.2";
			developmentRegion = English;
			hasScannedForEncodings = 0;
			knownRegions = (
				en,
				Base,
			);
			mainGroup = A4593CAE1E0EF5410036B27D;
			productRefGroup = A4593CB81E0EF5410036B27D /* Products */;
			projectDirPath = "";
			projectRoot = "";
			targets = (
				A4593CB61E0EF5410036B27D /* RickysSocialNetwork */,
			);
		};
/* End PBXProject section */

/* Begin PBXResourcesBuildPhase section */
		A4593CB51E0EF5410036B27D /* Resources */ = {
			isa = PBXResourcesBuildPhase;
			buildActionMask = 2147483647;
			files = (
				A4593CC51E0EF5410036B27D /* LaunchScreen.storyboard in Resources */,
				A4593CCD1E0EF6D70036B27D /* GoogleService-Info.plist in Resources */,
				A4593CC21E0EF5410036B27D /* Assets.xcassets in Resources */,
				A4593CC01E0EF5410036B27D /* Main.storyboard in Resources */,
			);
			runOnlyForDeploymentPostprocessing = 0;
		};
/* End PBXResourcesBuildPhase section */

/* Begin PBXShellScriptBuildPhase section */
		27E0AB32DBE5FCFB0724DBAC /* [CP] Embed Pods Frameworks */ = {
			isa = PBXShellScriptBuildPhase;
			buildActionMask = 2147483647;
			files = (
			);
			inputPaths = (
			);
			name = "[CP] Embed Pods Frameworks";
			outputPaths = (
			);
			runOnlyForDeploymentPostprocessing = 0;
			shellPath = /bin/sh;
			shellScript = "\"${SRCROOT}/Pods/Target Support Files/Pods-RickysSocialNetwork/Pods-RickysSocialNetwork-frameworks.sh\"\n";
			showEnvVarsInLog = 0;
		};
		4CDE9133C9FC97958BF2E43D /* [CP] Check Pods Manifest.lock */ = {
			isa = PBXShellScriptBuildPhase;
			buildActionMask = 2147483647;
			files = (
			);
			inputPaths = (
			);
			name = "[CP] Check Pods Manifest.lock";
			outputPaths = (
			);
			runOnlyForDeploymentPostprocessing = 0;
			shellPath = /bin/sh;
			shellScript = "diff \"${PODS_ROOT}/../Podfile.lock\" \"${PODS_ROOT}/Manifest.lock\" > /dev/null\nif [ $? != 0 ] ; then\n    # print error to STDERR\n    echo \"error: The sandbox is not in sync with the Podfile.lock. Run 'pod install' or update your CocoaPods installation.\" >&2\n    exit 1\nfi\n";
			showEnvVarsInLog = 0;
		};
		CBE98A2AF7742261067017F0 /* [CP] Copy Pods Resources */ = {
			isa = PBXShellScriptBuildPhase;
			buildActionMask = 2147483647;
			files = (
			);
			inputPaths = (
			);
			name = "[CP] Copy Pods Resources";
			outputPaths = (
			);
			runOnlyForDeploymentPostprocessing = 0;
			shellPath = /bin/sh;
			shellScript = "\"${SRCROOT}/Pods/Target Support Files/Pods-RickysSocialNetwork/Pods-RickysSocialNetwork-resources.sh\"\n";
			showEnvVarsInLog = 0;
		};
/* End PBXShellScriptBuildPhase section */

/* Begin PBXSourcesBuildPhase section */
		A4593CB31E0EF5410036B27D /* Sources */ = {
			isa = PBXSourcesBuildPhase;
			buildActionMask = 2147483647;
			files = (
				A4BFB0721E1066CA002B2D98 /* FancyField.swift in Sources */,
				A4593CBD1E0EF5410036B27D /* SignInVC.swift in Sources */,
				A4BFB0701E106529002B2D98 /* RoundBtn.swift in Sources */,
				A4593CBB1E0EF5410036B27D /* AppDelegate.swift in Sources */,
				A4D6EA521E11D77000C3A9B5 /* FeedVC.swift in Sources */,
				A4BFB06B1E10611D002B2D98 /* FancyView.swift in Sources */,
				A4BFB06E1E106213002B2D98 /* Constants.swift in Sources */,
				A4BFB0741E1067FF002B2D98 /* FancyBtn.swift in Sources */,
			);
			runOnlyForDeploymentPostprocessing = 0;
		};
/* End PBXSourcesBuildPhase section */

/* Begin PBXVariantGroup section */
		A4593CBE1E0EF5410036B27D /* Main.storyboard */ = {
			isa = PBXVariantGroup;
			children = (
				A4593CBF1E0EF5410036B27D /* Base */,
			);
			name = Main.storyboard;
			sourceTree = "<group>";
		};
		A4593CC31E0EF5410036B27D /* LaunchScreen.storyboard */ = {
			isa = PBXVariantGroup;
			children = (
				A4593CC41E0EF5410036B27D /* Base */,
			);
			name = LaunchScreen.storyboard;
			sourceTree = "<group>";
		};
/* End PBXVariantGroup section */

/* Begin XCBuildConfiguration section */
		A4593CC71E0EF5410036B27D /* Debug */ = {
			isa = XCBuildConfiguration;
			buildSettings = {
				ALWAYS_SEARCH_USER_PATHS = NO;
				CLANG_ANALYZER_NONNULL = YES;
				CLANG_CXX_LANGUAGE_STANDARD = "gnu++0x";
				CLANG_CXX_LIBRARY = "libc++";
				CLANG_ENABLE_MODULES = YES;
				CLANG_ENABLE_OBJC_ARC = YES;
				CLANG_WARN_BOOL_CONVERSION = YES;
				CLANG_WARN_CONSTANT_CONVERSION = YES;
				CLANG_WARN_DIRECT_OBJC_ISA_USAGE = YES_ERROR;
				CLANG_WARN_DOCUMENTATION_COMMENTS = YES;
				CLANG_WARN_EMPTY_BODY = YES;
				CLANG_WARN_ENUM_CONVERSION = YES;
				CLANG_WARN_INFINITE_RECURSION = YES;
				CLANG_WARN_INT_CONVERSION = YES;
				CLANG_WARN_OBJC_ROOT_CLASS = YES_ERROR;
				CLANG_WARN_SUSPICIOUS_MOVE = YES;
				CLANG_WARN_UNREACHABLE_CODE = YES;
				CLANG_WARN__DUPLICATE_METHOD_MATCH = YES;
				"CODE_SIGN_IDENTITY[sdk=iphoneos*]" = "iPhone Developer";
				COPY_PHASE_STRIP = NO;
				DEBUG_INFORMATION_FORMAT = dwarf;
				ENABLE_STRICT_OBJC_MSGSEND = YES;
				ENABLE_TESTABILITY = YES;
				GCC_C_LANGUAGE_STANDARD = gnu99;
				GCC_DYNAMIC_NO_PIC = NO;
				GCC_NO_COMMON_BLOCKS = YES;
				GCC_OPTIMIZATION_LEVEL = 0;
				GCC_PREPROCESSOR_DEFINITIONS = (
					"DEBUG=1",
					"$(inherited)",
				);
				GCC_WARN_64_TO_32_BIT_CONVERSION = YES;
				GCC_WARN_ABOUT_RETURN_TYPE = YES_ERROR;
				GCC_WARN_UNDECLARED_SELECTOR = YES;
				GCC_WARN_UNINITIALIZED_AUTOS = YES_AGGRESSIVE;
				GCC_WARN_UNUSED_FUNCTION = YES;
				GCC_WARN_UNUSED_VARIABLE = YES;
				IPHONEOS_DEPLOYMENT_TARGET = 10.2;
				MTL_ENABLE_DEBUG_INFO = YES;
				ONLY_ACTIVE_ARCH = YES;
				SDKROOT = iphoneos;
				SWIFT_ACTIVE_COMPILATION_CONDITIONS = DEBUG;
				SWIFT_OPTIMIZATION_LEVEL = "-Onone";
				TARGETED_DEVICE_FAMILY = "1,2";
			};
			name = Debug;
		};
		A4593CC81E0EF5410036B27D /* Release */ = {
			isa = XCBuildConfiguration;
			buildSettings = {
				ALWAYS_SEARCH_USER_PATHS = NO;
				CLANG_ANALYZER_NONNULL = YES;
				CLANG_CXX_LANGUAGE_STANDARD = "gnu++0x";
				CLANG_CXX_LIBRARY = "libc++";
				CLANG_ENABLE_MODULES = YES;
				CLANG_ENABLE_OBJC_ARC = YES;
				CLANG_WARN_BOOL_CONVERSION = YES;
				CLANG_WARN_CONSTANT_CONVERSION = YES;
				CLANG_WARN_DIRECT_OBJC_ISA_USAGE = YES_ERROR;
				CLANG_WARN_DOCUMENTATION_COMMENTS = YES;
				CLANG_WARN_EMPTY_BODY = YES;
				CLANG_WARN_ENUM_CONVERSION = YES;
				CLANG_WARN_INFINITE_RECURSION = YES;
				CLANG_WARN_INT_CONVERSION = YES;
				CLANG_WARN_OBJC_ROOT_CLASS = YES_ERROR;
				CLANG_WARN_SUSPICIOUS_MOVE = YES;
				CLANG_WARN_UNREACHABLE_CODE = YES;
				CLANG_WARN__DUPLICATE_METHOD_MATCH = YES;
				"CODE_SIGN_IDENTITY[sdk=iphoneos*]" = "iPhone Developer";
				COPY_PHASE_STRIP = NO;
				DEBUG_INFORMATION_FORMAT = "dwarf-with-dsym";
				ENABLE_NS_ASSERTIONS = NO;
				ENABLE_STRICT_OBJC_MSGSEND = YES;
				GCC_C_LANGUAGE_STANDARD = gnu99;
				GCC_NO_COMMON_BLOCKS = YES;
				GCC_WARN_64_TO_32_BIT_CONVERSION = YES;
				GCC_WARN_ABOUT_RETURN_TYPE = YES_ERROR;
				GCC_WARN_UNDECLARED_SELECTOR = YES;
				GCC_WARN_UNINITIALIZED_AUTOS = YES_AGGRESSIVE;
				GCC_WARN_UNUSED_FUNCTION = YES;
				GCC_WARN_UNUSED_VARIABLE = YES;
				IPHONEOS_DEPLOYMENT_TARGET = 10.2;
				MTL_ENABLE_DEBUG_INFO = NO;
				SDKROOT = iphoneos;
				SWIFT_OPTIMIZATION_LEVEL = "-Owholemodule";
				TARGETED_DEVICE_FAMILY = "1,2";
				VALIDATE_PRODUCT = YES;
			};
			name = Release;
		};
		A4593CCA1E0EF5410036B27D /* Debug */ = {
			isa = XCBuildConfiguration;
			baseConfigurationReference = D0D6B39A92EF78E67BBFCBCA /* Pods-RickysSocialNetwork.debug.xcconfig */;
			buildSettings = {
				ALWAYS_EMBED_SWIFT_STANDARD_LIBRARIES = YES;
				ASSETCATALOG_COMPILER_APPICON_NAME = AppIcon;
				DEVELOPMENT_TEAM = KVPLR3LHCJ;
				FRAMEWORK_SEARCH_PATHS = (
					"$(inherited)",
					"$(PROJECT_DIR)/RickysSocialNetwork",
					"$(PROJECT_DIR)",
				);
				INFOPLIST_FILE = RickysSocialNetwork/Info.plist;
				LD_RUNPATH_SEARCH_PATHS = "$(inherited) @executable_path/Frameworks";
				PRODUCT_BUNDLE_IDENTIFIER = com.RichardEccles.RickysSocialNetwork;
				PRODUCT_NAME = "$(TARGET_NAME)";
				SWIFT_VERSION = 3.0;
			};
			name = Debug;
		};
		A4593CCB1E0EF5410036B27D /* Release */ = {
			isa = XCBuildConfiguration;
			baseConfigurationReference = FDDEF4A35161F30242B909F0 /* Pods-RickysSocialNetwork.release.xcconfig */;
			buildSettings = {
				ALWAYS_EMBED_SWIFT_STANDARD_LIBRARIES = YES;
				ASSETCATALOG_COMPILER_APPICON_NAME = AppIcon;
				DEVELOPMENT_TEAM = KVPLR3LHCJ;
				FRAMEWORK_SEARCH_PATHS = (
					"$(inherited)",
					"$(PROJECT_DIR)/RickysSocialNetwork",
					"$(PROJECT_DIR)",
				);
				INFOPLIST_FILE = RickysSocialNetwork/Info.plist;
				LD_RUNPATH_SEARCH_PATHS = "$(inherited) @executable_path/Frameworks";
				PRODUCT_BUNDLE_IDENTIFIER = com.RichardEccles.RickysSocialNetwork;
				PRODUCT_NAME = "$(TARGET_NAME)";
				SWIFT_VERSION = 3.0;
			};
			name = Release;
		};
/* End XCBuildConfiguration section */

/* Begin XCConfigurationList section */
		A4593CB21E0EF5410036B27D /* Build configuration list for PBXProject "RickysSocialNetwork" */ = {
			isa = XCConfigurationList;
			buildConfigurations = (
				A4593CC71E0EF5410036B27D /* Debug */,
				A4593CC81E0EF5410036B27D /* Release */,
			);
			defaultConfigurationIsVisible = 0;
			defaultConfigurationName = Release;
		};
		A4593CC91E0EF5410036B27D /* Build configuration list for PBXNativeTarget "RickysSocialNetwork" */ = {
			isa = XCConfigurationList;
			buildConfigurations = (
				A4593CCA1E0EF5410036B27D /* Debug */,
				A4593CCB1E0EF5410036B27D /* Release */,
			);
			defaultConfigurationIsVisible = 0;
			defaultConfigurationName = Release;
		};
/* End XCConfigurationList section */
	};
	rootObject = A4593CAF1E0EF5410036B27D /* Project object */;
}
